dependencies:
- name: minio
  repository: https://charts.min.io/
  version: 4.0.15
- name: grafana-agent-operator
  repository: https://grafana.github.io/helm-charts
  version: 0.3.15
- name: rollout-operator
  repository: https://grafana.github.io/helm-charts
  version: 0.19.0
digest: sha256:04e3be4549b838e9d6568607a6a88663f069321a96f381eab07c1147f2e1360b
generated: "2024-11-05T23:21:05.527445491Z"
